
Microsoft Visual Studio Solution File, Format Version 12.00
# Visual Studio 15
VisualStudioVersion = 15.0.28307.1062
MinimumVisualStudioVersion = 10.0.40219.1
Project("{FAE04EC0-301F-11D3-BF4B-00C04F79EFBC}") = "b181200049-BSMT", "b181200049-BSMT\b181200049-BSMT.csproj", "{52C8D604-3A4C-4E19-97CB-124E0304338C}"
EndProject
Global
	GlobalSection(SolutionConfigurationPlatforms) = preSolution
		Debug|Any CPU = Debug|Any CPU
		Release|Any CPU = Release|Any CPU
	EndGlobalSection
	GlobalSection(ProjectConfigurationPlatforms) = postSolution
		{52C8D604-3A4C-4E19-97CB-124E0304338C}.Debug|Any CPU.ActiveCfg = Debug|Any CPU
		{52C8D604-3A4C-4E19-97CB-124E0304338C}.Debug|Any CPU.Build.0 = Debug|Any CPU
		{52C8D604-3A4C-4E19-97CB-124E0304338C}.Release|Any CPU.ActiveCfg = Release|Any CPU
		{52C8D604-3A4C-4E19-97CB-124E0304338C}.Release|Any CPU.Build.0 = Release|Any CPU
	EndGlobalSection
	GlobalSection(SolutionProperties) = preSolution
		HideSolutionNode = FALSE
	EndGlobalSection
	GlobalSection(ExtensibilityGlobals) = postSolution
		SolutionGuid = {F58C9094-8C8F-4552-905E-494B9EE19CB6}
	EndGlobalSection
EndGlobal
